
Microsoft Visual Studio Solution File, Format Version 12.00
# Visual Studio Version 17
VisualStudioVersion = 17.7.34031.279
MinimumVisualStudioVersion = 10.0.40219.1
Project("{FAE04EC0-301F-11D3-BF4B-00C04F79EFBC}") = "NutrinfoDll", "NutrinfoDll\NutrinfoDll.csproj", "{D9F789C0-9991-4321-B5C5-6FFDDE1DF81B}"
EndProject
Global
	GlobalSection(SolutionConfigurationPlatforms) = preSolution
		Debug|Any CPU = Debug|Any CPU
		Release|Any CPU = Release|Any CPU
	EndGlobalSection
	GlobalSection(ProjectConfigurationPlatforms) = postSolution
		{D9F789C0-9991-4321-B5C5-6FFDDE1DF81B}.Debug|Any CPU.ActiveCfg = Debug|Any CPU
		{D9F789C0-9991-4321-B5C5-6FFDDE1DF81B}.Debug|Any CPU.Build.0 = Debug|Any CPU
		{D9F789C0-9991-4321-B5C5-6FFDDE1DF81B}.Release|Any CPU.ActiveCfg = Release|Any CPU
		{D9F789C0-9991-4321-B5C5-6FFDDE1DF81B}.Release|Any CPU.Build.0 = Release|Any CPU
	EndGlobalSection
	GlobalSection(SolutionProperties) = preSolution
		HideSolutionNode = FALSE
	EndGlobalSection
	GlobalSection(ExtensibilityGlobals) = postSolution
		SolutionGuid = {19997054-DFF0-483C-9B9E-1F02202D17E3}
	EndGlobalSection
EndGlobal
