
Microsoft Visual Studio Solution File, Format Version 12.00
# Visual Studio Version 17
VisualStudioVersion = 17.7.34031.279
MinimumVisualStudioVersion = 10.0.40219.1
Project("{FAE04EC0-301F-11D3-BF4B-00C04F79EFBC}") = "Ariketa02", "Ariketa02\Ariketa02.csproj", "{A9839781-4DF6-437D-8D83-F17F127D0F65}"
EndProject
Global
	GlobalSection(SolutionConfigurationPlatforms) = preSolution
		Debug|Any CPU = Debug|Any CPU
		Release|Any CPU = Release|Any CPU
	EndGlobalSection
	GlobalSection(ProjectConfigurationPlatforms) = postSolution
		{A9839781-4DF6-437D-8D83-F17F127D0F65}.Debug|Any CPU.ActiveCfg = Debug|Any CPU
		{A9839781-4DF6-437D-8D83-F17F127D0F65}.Debug|Any CPU.Build.0 = Debug|Any CPU
		{A9839781-4DF6-437D-8D83-F17F127D0F65}.Release|Any CPU.ActiveCfg = Release|Any CPU
		{A9839781-4DF6-437D-8D83-F17F127D0F65}.Release|Any CPU.Build.0 = Release|Any CPU
	EndGlobalSection
	GlobalSection(SolutionProperties) = preSolution
		HideSolutionNode = FALSE
	EndGlobalSection
	GlobalSection(ExtensibilityGlobals) = postSolution
		SolutionGuid = {00DAFCEC-8AC8-4248-8B71-E4A2A1AF8CE0}
	EndGlobalSection
EndGlobal
