
Microsoft Visual Studio Solution File, Format Version 12.00
# Visual Studio Version 17
VisualStudioVersion = 17.8.34316.72
MinimumVisualStudioVersion = 10.0.40219.1
Project("{FAE04EC0-301F-11D3-BF4B-00C04F79EFBC}") = "WineShop_Gorka", "WineShop_Gorka\WineShop_Gorka.csproj", "{40EC6765-B384-42DA-8DBE-43BE96F229FF}"
EndProject
Global
	GlobalSection(SolutionConfigurationPlatforms) = preSolution
		Debug|Any CPU = Debug|Any CPU
		Release|Any CPU = Release|Any CPU
	EndGlobalSection
	GlobalSection(ProjectConfigurationPlatforms) = postSolution
		{40EC6765-B384-42DA-8DBE-43BE96F229FF}.Debug|Any CPU.ActiveCfg = Debug|Any CPU
		{40EC6765-B384-42DA-8DBE-43BE96F229FF}.Debug|Any CPU.Build.0 = Debug|Any CPU
		{40EC6765-B384-42DA-8DBE-43BE96F229FF}.Release|Any CPU.ActiveCfg = Release|Any CPU
		{40EC6765-B384-42DA-8DBE-43BE96F229FF}.Release|Any CPU.Build.0 = Release|Any CPU
	EndGlobalSection
	GlobalSection(SolutionProperties) = preSolution
		HideSolutionNode = FALSE
	EndGlobalSection
	GlobalSection(ExtensibilityGlobals) = postSolution
		SolutionGuid = {56508A60-F03E-40C4-91F3-21BB4E4AAA39}
	EndGlobalSection
EndGlobal
